
Microsoft Visual Studio Solution File, Format Version 12.00
# Visual Studio Version 16
VisualStudioVersion = 16.0.30330.147
MinimumVisualStudioVersion = 10.0.40219.1
Project("{9A19103F-16F7-4668-BE54-9A1E7A4F7556}") = "KampIntro", "KampIntro\KampIntro.csproj", "{7D646044-098A-45FD-A31E-8ABA835A0E79}"
EndProject
Project("{9A19103F-16F7-4668-BE54-9A1E7A4F7556}") = "Donguler", "Donguler\Donguler.csproj", "{B0AF41CC-33D3-4CE2-AD16-53D641325934}"
EndProject
Project("{9A19103F-16F7-4668-BE54-9A1E7A4F7556}") = "ClassIntro", "ClassIntro\ClassIntro.csproj", "{31790612-F8C9-4F48-8FE7-0ECCF95968BC}"
EndProject
Project("{9A19103F-16F7-4668-BE54-9A1E7A4F7556}") = "Metodlar", "Metodlar\Metodlar.csproj", "{6E872917-FB2C-46E0-97FB-81CEFA5166F3}"
EndProject
Project("{9A19103F-16F7-4668-BE54-9A1E7A4F7556}") = "Matematik", "Matematik\Matematik.csproj", "{4B9D40B4-8462-4395-B982-171D0F0F6FB2}"
EndProject
Project("{9A19103F-16F7-4668-BE54-9A1E7A4F7556}") = "DegerVeReferansTipler", "DegerVeReferansTipler\DegerVeReferansTipler.csproj", "{90FB6692-A52A-4C19-9217-F5BDB0D82025}"
EndProject
Project("{9A19103F-16F7-4668-BE54-9A1E7A4F7556}") = "OOP1", "OOP1\OOP1.csproj", "{3A034327-6913-479D-9E14-8234A17111FA}"
EndProject
Project("{9A19103F-16F7-4668-BE54-9A1E7A4F7556}") = "Koleksiyonlar", "Koleksiyonlar\Koleksiyonlar.csproj", "{714B0B13-C464-4720-9728-84B44C0D4CAB}"
EndProject
Project("{9A19103F-16F7-4668-BE54-9A1E7A4F7556}") = "GenericsIntro", "GenericsIntro\GenericsIntro.csproj", "{24276DE2-9CCE-41BA-8E37-414E7E0D8033}"
EndProject
Project("{FAE04EC0-301F-11D3-BF4B-00C04F79EFBC}") = "OOP2", "OOP2\OOP2.csproj", "{D9183132-83C5-4D11-8F97-19950A2C6B03}"
EndProject
Project("{FAE04EC0-301F-11D3-BF4B-00C04F79EFBC}") = "OOP3", "OOP3\OOP3.csproj", "{42F67EB8-AB30-4876-8D4F-F7128E237CC5}"
EndProject
Global
	GlobalSection(SolutionConfigurationPlatforms) = preSolution
		Debug|Any CPU = Debug|Any CPU
		Release|Any CPU = Release|Any CPU
	EndGlobalSection
	GlobalSection(ProjectConfigurationPlatforms) = postSolution
		{7D646044-098A-45FD-A31E-8ABA835A0E79}.Debug|Any CPU.ActiveCfg = Debug|Any CPU
		{7D646044-098A-45FD-A31E-8ABA835A0E79}.Debug|Any CPU.Build.0 = Debug|Any CPU
		{7D646044-098A-45FD-A31E-8ABA835A0E79}.Release|Any CPU.ActiveCfg = Release|Any CPU
		{7D646044-098A-45FD-A31E-8ABA835A0E79}.Release|Any CPU.Build.0 = Release|Any CPU
		{B0AF41CC-33D3-4CE2-AD16-53D641325934}.Debug|Any CPU.ActiveCfg = Debug|Any CPU
		{B0AF41CC-33D3-4CE2-AD16-53D641325934}.Debug|Any CPU.Build.0 = Debug|Any CPU
		{B0AF41CC-33D3-4CE2-AD16-53D641325934}.Release|Any CPU.ActiveCfg = Release|Any CPU
		{B0AF41CC-33D3-4CE2-AD16-53D641325934}.Release|Any CPU.Build.0 = Release|Any CPU
		{31790612-F8C9-4F48-8FE7-0ECCF95968BC}.Debug|Any CPU.ActiveCfg = Debug|Any CPU
		{31790612-F8C9-4F48-8FE7-0ECCF95968BC}.Debug|Any CPU.Build.0 = Debug|Any CPU
		{31790612-F8C9-4F48-8FE7-0ECCF95968BC}.Release|Any CPU.ActiveCfg = Release|Any CPU
		{31790612-F8C9-4F48-8FE7-0ECCF95968BC}.Release|Any CPU.Build.0 = Release|Any CPU
		{6E872917-FB2C-46E0-97FB-81CEFA5166F3}.Debug|Any CPU.ActiveCfg = Debug|Any CPU
		{6E872917-FB2C-46E0-97FB-81CEFA5166F3}.Debug|Any CPU.Build.0 = Debug|Any CPU
		{6E872917-FB2C-46E0-97FB-81CEFA5166F3}.Release|Any CPU.ActiveCfg = Release|Any CPU
		{6E872917-FB2C-46E0-97FB-81CEFA5166F3}.Release|Any CPU.Build.0 = Release|Any CPU
		{4B9D40B4-8462-4395-B982-171D0F0F6FB2}.Debug|Any CPU.ActiveCfg = Debug|Any CPU
		{4B9D40B4-8462-4395-B982-171D0F0F6FB2}.Debug|Any CPU.Build.0 = Debug|Any CPU
		{4B9D40B4-8462-4395-B982-171D0F0F6FB2}.Release|Any CPU.ActiveCfg = Release|Any CPU
		{4B9D40B4-8462-4395-B982-171D0F0F6FB2}.Release|Any CPU.Build.0 = Release|Any CPU
		{90FB6692-A52A-4C19-9217-F5BDB0D82025}.Debug|Any CPU.ActiveCfg = Debug|Any CPU
		{90FB6692-A52A-4C19-9217-F5BDB0D82025}.Debug|Any CPU.Build.0 = Debug|Any CPU
		{90FB6692-A52A-4C19-9217-F5BDB0D82025}.Release|Any CPU.ActiveCfg = Release|Any CPU
		{90FB6692-A52A-4C19-9217-F5BDB0D82025}.Release|Any CPU.Build.0 = Release|Any CPU
		{3A034327-6913-479D-9E14-8234A17111FA}.Debug|Any CPU.ActiveCfg = Debug|Any CPU
		{3A034327-6913-479D-9E14-8234A17111FA}.Debug|Any CPU.Build.0 = Debug|Any CPU
		{3A034327-6913-479D-9E14-8234A17111FA}.Release|Any CPU.ActiveCfg = Release|Any CPU
		{3A034327-6913-479D-9E14-8234A17111FA}.Release|Any CPU.Build.0 = Release|Any CPU
		{714B0B13-C464-4720-9728-84B44C0D4CAB}.Debug|Any CPU.ActiveCfg = Debug|Any CPU
		{714B0B13-C464-4720-9728-84B44C0D4CAB}.Debug|Any CPU.Build.0 = Debug|Any CPU
		{714B0B13-C464-4720-9728-84B44C0D4CAB}.Release|Any CPU.ActiveCfg = Release|Any CPU
		{714B0B13-C464-4720-9728-84B44C0D4CAB}.Release|Any CPU.Build.0 = Release|Any CPU
		{24276DE2-9CCE-41BA-8E37-414E7E0D8033}.Debug|Any CPU.ActiveCfg = Debug|Any CPU
		{24276DE2-9CCE-41BA-8E37-414E7E0D8033}.Debug|Any CPU.Build.0 = Debug|Any CPU
		{24276DE2-9CCE-41BA-8E37-414E7E0D8033}.Release|Any CPU.ActiveCfg = Release|Any CPU
		{24276DE2-9CCE-41BA-8E37-414E7E0D8033}.Release|Any CPU.Build.0 = Release|Any CPU
		{D9183132-83C5-4D11-8F97-19950A2C6B03}.Debug|Any CPU.ActiveCfg = Debug|Any CPU
		{D9183132-83C5-4D11-8F97-19950A2C6B03}.Debug|Any CPU.Build.0 = Debug|Any CPU
		{D9183132-83C5-4D11-8F97-19950A2C6B03}.Release|Any CPU.ActiveCfg = Release|Any CPU
		{D9183132-83C5-4D11-8F97-19950A2C6B03}.Release|Any CPU.Build.0 = Release|Any CPU
		{42F67EB8-AB30-4876-8D4F-F7128E237CC5}.Debug|Any CPU.ActiveCfg = Debug|Any CPU
		{42F67EB8-AB30-4876-8D4F-F7128E237CC5}.Debug|Any CPU.Build.0 = Debug|Any CPU
		{42F67EB8-AB30-4876-8D4F-F7128E237CC5}.Release|Any CPU.ActiveCfg = Release|Any CPU
		{42F67EB8-AB30-4876-8D4F-F7128E237CC5}.Release|Any CPU.Build.0 = Release|Any CPU
	EndGlobalSection
	GlobalSection(SolutionProperties) = preSolution
		HideSolutionNode = FALSE
	EndGlobalSection
	GlobalSection(ExtensibilityGlobals) = postSolution
		SolutionGuid = {848D0C74-4E0A-43A2-9200-229D00721399}
	EndGlobalSection
EndGlobal
